{
  "name": "local-bookshelf",
  "version": "0.1.0",
  "lockfileVersion": 3,
  "requires": true,
  "packages": {
    "": {
      "name": "local-bookshelf",
      "version": "0.1.0",
      "license": "MIT",
      "devDependencies": {
        "electron": "^28.2.0"
      },
      "dependencies": {
        "better-sqlite3": "^9.4.0",
        "fast-xml-parser": "^4.3.6",
        "jszip": "^3.10.1",
        "mammoth": "^1.7.2"
      }
    }
  }
}
